
Microsoft Visual Studio Solution File, Format Version 12.00
# Visual Studio 14
VisualStudioVersion = 14.0.25420.1
MinimumVisualStudioVersion = 10.0.40219.1
Project("{FAE04EC0-301F-11D3-BF4B-00C04F79EFBC}") = "Water SectionDrMagdy Tayel", "Water SectionDrMagdy Tayel\Water SectionDrMagdy Tayel.csproj", "{4CF4E06F-A45F-4740-A3A5-A61FB51DCBF0}"
EndProject
Global
	GlobalSection(SolutionConfigurationPlatforms) = preSolution
		Debug|Any CPU = Debug|Any CPU
		Release|Any CPU = Release|Any CPU
	EndGlobalSection
	GlobalSection(ProjectConfigurationPlatforms) = postSolution
		{4CF4E06F-A45F-4740-A3A5-A61FB51DCBF0}.Debug|Any CPU.ActiveCfg = Debug|Any CPU
		{4CF4E06F-A45F-4740-A3A5-A61FB51DCBF0}.Debug|Any CPU.Build.0 = Debug|Any CPU
		{4CF4E06F-A45F-4740-A3A5-A61FB51DCBF0}.Release|Any CPU.ActiveCfg = Release|Any CPU
		{4CF4E06F-A45F-4740-A3A5-A61FB51DCBF0}.Release|Any CPU.Build.0 = Release|Any CPU
	EndGlobalSection
	GlobalSection(SolutionProperties) = preSolution
		HideSolutionNode = FALSE
	EndGlobalSection
EndGlobal
